// !$*UTF8*$!
{
	archiveVersion = 1;
	classes = {
	};
	objectVersion = 56;
	objects = {

/* Begin PBXBuildFile section */
		A16084122A32F76300287DAB /* main.cpp in Sources */ = {isa = PBXBuildFile; fileRef = A16084112A32F76300287DAB /* main.cpp */; };
		A160841C2A32F85E00287DAB /* ReadFile.cpp in Sources */ = {isa = PBXBuildFile; fileRef = A160841B2A32F85E00287DAB /* ReadFile.cpp */; };
		A160841F2A32F89F00287DAB /* WriteFile.cpp in Sources */ = {isa = PBXBuildFile; fileRef = A160841E2A32F89F00287DAB /* WriteFile.cpp */; };
		A18EA9E72A33148C002B9673 /* ROWString.cpp in Sources */ = {isa = PBXBuildFile; fileRef = A18EA9E62A33148C002B9673 /* ROWString.cpp */; };
/* End PBXBuildFile section */

/* Begin PBXCopyFilesBuildPhase section */
		A160840C2A32F76300287DAB /* CopyFiles */ = {
			isa = PBXCopyFilesBuildPhase;
			buildActionMask = 2147483647;
			dstPath = /usr/share/man/man1/;
			dstSubfolderSpec = 0;
			files = (
			);
			runOnlyForDeploymentPostprocessing = 1;
		};
/* End PBXCopyFilesBuildPhase section */

/* Begin PBXFileReference section */
		A160840E2A32F76300287DAB /* CTools */ = {isa = PBXFileReference; explicitFileType = "compiled.mach-o.executable"; includeInIndex = 0; path = CTools; sourceTree = BUILT_PRODUCTS_DIR; };
		A16084112A32F76300287DAB /* main.cpp */ = {isa = PBXFileReference; lastKnownFileType = sourcecode.cpp.cpp; path = main.cpp; sourceTree = "<group>"; };
		A160841A2A32F83D00287DAB /* ReadFile.h */ = {isa = PBXFileReference; lastKnownFileType = sourcecode.c.h; path = ReadFile.h; sourceTree = "<group>"; };
		A160841B2A32F85E00287DAB /* ReadFile.cpp */ = {isa = PBXFileReference; lastKnownFileType = sourcecode.cpp.cpp; path = ReadFile.cpp; sourceTree = "<group>"; };
		A160841D2A32F89200287DAB /* WriteFile.h */ = {isa = PBXFileReference; lastKnownFileType = sourcecode.c.h; path = WriteFile.h; sourceTree = "<group>"; };
		A160841E2A32F89F00287DAB /* WriteFile.cpp */ = {isa = PBXFileReference; lastKnownFileType = sourcecode.cpp.cpp; path = WriteFile.cpp; sourceTree = "<group>"; };
		A16084202A32F91B00287DAB /* test_write.txt */ = {isa = PBXFileReference; fileEncoding = 4; lastKnownFileType = text; path = test_write.txt; sourceTree = "<group>"; };
		A16084212A32F91B00287DAB /* test_read.txt */ = {isa = PBXFileReference; fileEncoding = 4; lastKnownFileType = text; path = test_read.txt; sourceTree = "<group>"; };
		A16084232A32FE7400287DAB /* PrefixHeader.pch */ = {isa = PBXFileReference; lastKnownFileType = sourcecode.c.h; path = PrefixHeader.pch; sourceTree = "<group>"; };
		A18EA9E32A3313DC002B9673 /* Person.txt */ = {isa = PBXFileReference; fileEncoding = 4; lastKnownFileType = text; path = Person.txt; sourceTree = "<group>"; };
		A18EA9E52A33147C002B9673 /* ROWString.h */ = {isa = PBXFileReference; lastKnownFileType = sourcecode.c.h; path = ROWString.h; sourceTree = "<group>"; };
		A18EA9E62A33148C002B9673 /* ROWString.cpp */ = {isa = PBXFileReference; lastKnownFileType = sourcecode.cpp.cpp; path = ROWString.cpp; sourceTree = "<group>"; };
/* End PBXFileReference section */

/* Begin PBXFrameworksBuildPhase section */
		A160840B2A32F76300287DAB /* Frameworks */ = {
			isa = PBXFrameworksBuildPhase;
			buildActionMask = 2147483647;
			files = (
			);
			runOnlyForDeploymentPostprocessing = 0;
		};
/* End PBXFrameworksBuildPhase section */

/* Begin PBXGroup section */
		A16084052A32F76300287DAB = {
			isa = PBXGroup;
			children = (
				A16084102A32F76300287DAB /* CTools */,
				A160840F2A32F76300287DAB /* Products */,
			);
			sourceTree = "<group>";
		};
		A160840F2A32F76300287DAB /* Products */ = {
			isa = PBXGroup;
			children = (
				A160840E2A32F76300287DAB /* CTools */,
			);
			name = Products;
			sourceTree = "<group>";
		};
		A16084102A32F76300287DAB /* CTools */ = {
			isa = PBXGroup;
			children = (
				A18EA9E12A330F07002B9673 /* CString */,
				A16084222A32FE5C00287DAB /* Headers */,
				A16084182A32F7C000287DAB /* CFile */,
				A16084112A32F76300287DAB /* main.cpp */,
			);
			path = CTools;
			sourceTree = "<group>";
		};
		A16084182A32F7C000287DAB /* CFile */ = {
			isa = PBXGroup;
			children = (
				A16084192A32F7C900287DAB /* Data */,
				A160841A2A32F83D00287DAB /* ReadFile.h */,
				A160841B2A32F85E00287DAB /* ReadFile.cpp */,
				A160841D2A32F89200287DAB /* WriteFile.h */,
				A160841E2A32F89F00287DAB /* WriteFile.cpp */,
			);
			path = CFile;
			sourceTree = "<group>";
		};
		A16084192A32F7C900287DAB /* Data */ = {
			isa = PBXGroup;
			children = (
				A16084212A32F91B00287DAB /* test_read.txt */,
				A16084202A32F91B00287DAB /* test_write.txt */,
			);
			path = Data;
			sourceTree = "<group>";
		};
		A16084222A32FE5C00287DAB /* Headers */ = {
			isa = PBXGroup;
			children = (
				A16084232A32FE7400287DAB /* PrefixHeader.pch */,
			);
			path = Headers;
			sourceTree = "<group>";
		};
		A18EA9E12A330F07002B9673 /* CString */ = {
			isa = PBXGroup;
			children = (
				A18EA9E22A330F16002B9673 /* Data */,
				A18EA9E52A33147C002B9673 /* ROWString.h */,
				A18EA9E62A33148C002B9673 /* ROWString.cpp */,
			);
			path = CString;
			sourceTree = "<group>";
		};
		A18EA9E22A330F16002B9673 /* Data */ = {
			isa = PBXGroup;
			children = (
				A18EA9E32A3313DC002B9673 /* Person.txt */,
			);
			path = Data;
			sourceTree = "<group>";
		};
/* End PBXGroup section */

/* Begin PBXNativeTarget section */
		A160840D2A32F76300287DAB /* CTools */ = {
			isa = PBXNativeTarget;
			buildConfigurationList = A16084152A32F76300287DAB /* Build configuration list for PBXNativeTarget "CTools" */;
			buildPhases = (
				A160840A2A32F76300287DAB /* Sources */,
				A160840B2A32F76300287DAB /* Frameworks */,
				A160840C2A32F76300287DAB /* CopyFiles */,
			);
			buildRules = (
			);
			dependencies = (
			);
			name = CTools;
			productName = CTools;
			productReference = A160840E2A32F76300287DAB /* CTools */;
			productType = "com.apple.product-type.tool";
		};
/* End PBXNativeTarget section */

/* Begin PBXProject section */
		A16084062A32F76300287DAB /* Project object */ = {
			isa = PBXProject;
			attributes = {
				BuildIndependentTargetsInParallel = 1;
				LastUpgradeCheck = 1420;
				TargetAttributes = {
					A160840D2A32F76300287DAB = {
						CreatedOnToolsVersion = 14.2;
					};
				};
			};
			buildConfigurationList = A16084092A32F76300287DAB /* Build configuration list for PBXProject "CTools" */;
			compatibilityVersion = "Xcode 14.0";
			developmentRegion = en;
			hasScannedForEncodings = 0;
			knownRegions = (
				en,
				Base,
			);
			mainGroup = A16084052A32F76300287DAB;
			productRefGroup = A160840F2A32F76300287DAB /* Products */;
			projectDirPath = "";
			projectRoot = "";
			targets = (
				A160840D2A32F76300287DAB /* CTools */,
			);
		};
/* End PBXProject section */

/* Begin PBXSourcesBuildPhase section */
		A160840A2A32F76300287DAB /* Sources */ = {
			isa = PBXSourcesBuildPhase;
			buildActionMask = 2147483647;
			files = (
				A16084122A32F76300287DAB /* main.cpp in Sources */,
				A18EA9E72A33148C002B9673 /* ROWString.cpp in Sources */,
				A160841F2A32F89F00287DAB /* WriteFile.cpp in Sources */,
				A160841C2A32F85E00287DAB /* ReadFile.cpp in Sources */,
			);
			runOnlyForDeploymentPostprocessing = 0;
		};
/* End PBXSourcesBuildPhase section */

/* Begin XCBuildConfiguration section */
		A16084132A32F76300287DAB /* Debug */ = {
			isa = XCBuildConfiguration;
			buildSettings = {
				ALWAYS_SEARCH_USER_PATHS = NO;
				CLANG_ANALYZER_NONNULL = YES;
				CLANG_ANALYZER_NUMBER_OBJECT_CONVERSION = YES_AGGRESSIVE;
				CLANG_CXX_LANGUAGE_STANDARD = "gnu++20";
				CLANG_ENABLE_MODULES = YES;
				CLANG_ENABLE_OBJC_ARC = YES;
				CLANG_ENABLE_OBJC_WEAK = YES;
				CLANG_WARN_BLOCK_CAPTURE_AUTORELEASING = YES;
				CLANG_WARN_BOOL_CONVERSION = YES;
				CLANG_WARN_COMMA = YES;
				CLANG_WARN_CONSTANT_CONVERSION = YES;
				CLANG_WARN_DEPRECATED_OBJC_IMPLEMENTATIONS = YES;
				CLANG_WARN_DIRECT_OBJC_ISA_USAGE = YES_ERROR;
				CLANG_WARN_DOCUMENTATION_COMMENTS = YES;
				CLANG_WARN_EMPTY_BODY = YES;
				CLANG_WARN_ENUM_CONVERSION = YES;
				CLANG_WARN_INFINITE_RECURSION = YES;
				CLANG_WARN_INT_CONVERSION = YES;
				CLANG_WARN_NON_LITERAL_NULL_CONVERSION = YES;
				CLANG_WARN_OBJC_IMPLICIT_RETAIN_SELF = YES;
				CLANG_WARN_OBJC_LITERAL_CONVERSION = YES;
				CLANG_WARN_OBJC_ROOT_CLASS = YES_ERROR;
				CLANG_WARN_QUOTED_INCLUDE_IN_FRAMEWORK_HEADER = YES;
				CLANG_WARN_RANGE_LOOP_ANALYSIS = YES;
				CLANG_WARN_STRICT_PROTOTYPES = YES;
				CLANG_WARN_SUSPICIOUS_MOVE = YES;
				CLANG_WARN_UNGUARDED_AVAILABILITY = YES_AGGRESSIVE;
				CLANG_WARN_UNREACHABLE_CODE = YES;
				CLANG_WARN__DUPLICATE_METHOD_MATCH = YES;
				COPY_PHASE_STRIP = NO;
				DEBUG_INFORMATION_FORMAT = dwarf;
				ENABLE_STRICT_OBJC_MSGSEND = YES;
				ENABLE_TESTABILITY = YES;
				GCC_C_LANGUAGE_STANDARD = gnu11;
				GCC_DYNAMIC_NO_PIC = NO;
				GCC_NO_COMMON_BLOCKS = YES;
				GCC_OPTIMIZATION_LEVEL = 0;
				GCC_PREPROCESSOR_DEFINITIONS = (
					"DEBUG=1",
					"$(inherited)",
				);
				GCC_WARN_64_TO_32_BIT_CONVERSION = YES;
				GCC_WARN_ABOUT_RETURN_TYPE = YES_ERROR;
				GCC_WARN_UNDECLARED_SELECTOR = YES;
				GCC_WARN_UNINITIALIZED_AUTOS = YES_AGGRESSIVE;
				GCC_WARN_UNUSED_FUNCTION = YES;
				GCC_WARN_UNUSED_VARIABLE = YES;
				MACOSX_DEPLOYMENT_TARGET = 13.1;
				MTL_ENABLE_DEBUG_INFO = INCLUDE_SOURCE;
				MTL_FAST_MATH = YES;
				ONLY_ACTIVE_ARCH = YES;
				SDKROOT = macosx;
			};
			name = Debug;
		};
		A16084142A32F76300287DAB /* Release */ = {
			isa = XCBuildConfiguration;
			buildSettings = {
				ALWAYS_SEARCH_USER_PATHS = NO;
				CLANG_ANALYZER_NONNULL = YES;
				CLANG_ANALYZER_NUMBER_OBJECT_CONVERSION = YES_AGGRESSIVE;
				CLANG_CXX_LANGUAGE_STANDARD = "gnu++20";
				CLANG_ENABLE_MODULES = YES;
				CLANG_ENABLE_OBJC_ARC = YES;
				CLANG_ENABLE_OBJC_WEAK = YES;
				CLANG_WARN_BLOCK_CAPTURE_AUTORELEASING = YES;
				CLANG_WARN_BOOL_CONVERSION = YES;
				CLANG_WARN_COMMA = YES;
				CLANG_WARN_CONSTANT_CONVERSION = YES;
				CLANG_WARN_DEPRECATED_OBJC_IMPLEMENTATIONS = YES;
				CLANG_WARN_DIRECT_OBJC_ISA_USAGE = YES_ERROR;
				CLANG_WARN_DOCUMENTATION_COMMENTS = YES;
				CLANG_WARN_EMPTY_BODY = YES;
				CLANG_WARN_ENUM_CONVERSION = YES;
				CLANG_WARN_INFINITE_RECURSION = YES;
				CLANG_WARN_INT_CONVERSION = YES;
				CLANG_WARN_NON_LITERAL_NULL_CONVERSION = YES;
				CLANG_WARN_OBJC_IMPLICIT_RETAIN_SELF = YES;
				CLANG_WARN_OBJC_LITERAL_CONVERSION = YES;
				CLANG_WARN_OBJC_ROOT_CLASS = YES_ERROR;
				CLANG_WARN_QUOTED_INCLUDE_IN_FRAMEWORK_HEADER = YES;
				CLANG_WARN_RANGE_LOOP_ANALYSIS = YES;
				CLANG_WARN_STRICT_PROTOTYPES = YES;
				CLANG_WARN_SUSPICIOUS_MOVE = YES;
				CLANG_WARN_UNGUARDED_AVAILABILITY = YES_AGGRESSIVE;
				CLANG_WARN_UNREACHABLE_CODE = YES;
				CLANG_WARN__DUPLICATE_METHOD_MATCH = YES;
				COPY_PHASE_STRIP = NO;
				DEBUG_INFORMATION_FORMAT = "dwarf-with-dsym";
				ENABLE_NS_ASSERTIONS = NO;
				ENABLE_STRICT_OBJC_MSGSEND = YES;
				GCC_C_LANGUAGE_STANDARD = gnu11;
				GCC_NO_COMMON_BLOCKS = YES;
				GCC_WARN_64_TO_32_BIT_CONVERSION = YES;
				GCC_WARN_ABOUT_RETURN_TYPE = YES_ERROR;
				GCC_WARN_UNDECLARED_SELECTOR = YES;
				GCC_WARN_UNINITIALIZED_AUTOS = YES_AGGRESSIVE;
				GCC_WARN_UNUSED_FUNCTION = YES;
				GCC_WARN_UNUSED_VARIABLE = YES;
				MACOSX_DEPLOYMENT_TARGET = 13.1;
				MTL_ENABLE_DEBUG_INFO = NO;
				MTL_FAST_MATH = YES;
				SDKROOT = macosx;
			};
			name = Release;
		};
		A16084162A32F76300287DAB /* Debug */ = {
			isa = XCBuildConfiguration;
			buildSettings = {
				CODE_SIGN_STYLE = Automatic;
				GCC_PRECOMPILE_PREFIX_HEADER = YES;
				GCC_PREFIX_HEADER = "$(SRCROOT)/CTools/Headers/PrefixHeader.pch";
				HEADER_SEARCH_PATHS = "$(SRCROOT)/CTools";
				PRODUCT_NAME = "$(TARGET_NAME)";
			};
			name = Debug;
		};
		A16084172A32F76300287DAB /* Release */ = {
			isa = XCBuildConfiguration;
			buildSettings = {
				CODE_SIGN_STYLE = Automatic;
				GCC_PRECOMPILE_PREFIX_HEADER = YES;
				GCC_PREFIX_HEADER = "$(SRCROOT)/CTools/Headers/PrefixHeader.pch";
				HEADER_SEARCH_PATHS = "$(SRCROOT)/CTools";
				PRODUCT_NAME = "$(TARGET_NAME)";
			};
			name = Release;
		};
/* End XCBuildConfiguration section */

/* Begin XCConfigurationList section */
		A16084092A32F76300287DAB /* Build configuration list for PBXProject "CTools" */ = {
			isa = XCConfigurationList;
			buildConfigurations = (
				A16084132A32F76300287DAB /* Debug */,
				A16084142A32F76300287DAB /* Release */,
			);
			defaultConfigurationIsVisible = 0;
			defaultConfigurationName = Release;
		};
		A16084152A32F76300287DAB /* Build configuration list for PBXNativeTarget "CTools" */ = {
			isa = XCConfigurationList;
			buildConfigurations = (
				A16084162A32F76300287DAB /* Debug */,
				A16084172A32F76300287DAB /* Release */,
			);
			defaultConfigurationIsVisible = 0;
			defaultConfigurationName = Release;
		};
/* End XCConfigurationList section */
	};
	rootObject = A16084062A32F76300287DAB /* Project object */;
}
